
Microsoft Visual Studio Solution File, Format Version 12.00
# Visual Studio Version 16
VisualStudioVersion = 16.0.30114.105
MinimumVisualStudioVersion = 10.0.40219.1
Project("{FAE04EC0-301F-11D3-BF4B-00C04F79EFBC}") = "OutPrac", "OutPrac\OutPrac.csproj", "{8DDA6F9F-4FC6-4D67-B053-B8CDFD00E568}"
EndProject
Global
	GlobalSection(SolutionConfigurationPlatforms) = preSolution
		Debug|Any CPU = Debug|Any CPU
		Release|Any CPU = Release|Any CPU
	EndGlobalSection
	GlobalSection(ProjectConfigurationPlatforms) = postSolution
		{8DDA6F9F-4FC6-4D67-B053-B8CDFD00E568}.Debug|Any CPU.ActiveCfg = Debug|Any CPU
		{8DDA6F9F-4FC6-4D67-B053-B8CDFD00E568}.Debug|Any CPU.Build.0 = Debug|Any CPU
		{8DDA6F9F-4FC6-4D67-B053-B8CDFD00E568}.Release|Any CPU.ActiveCfg = Release|Any CPU
		{8DDA6F9F-4FC6-4D67-B053-B8CDFD00E568}.Release|Any CPU.Build.0 = Release|Any CPU
	EndGlobalSection
	GlobalSection(SolutionProperties) = preSolution
		HideSolutionNode = FALSE
	EndGlobalSection
	GlobalSection(ExtensibilityGlobals) = postSolution
		SolutionGuid = {E10F4585-9A0B-4527-BC88-DA7D74957127}
	EndGlobalSection
EndGlobal
